// !$*UTF8*$!
{
	archiveVersion = 1;
	classes = {
	};
	objectVersion = 46;
	objects = {

/* Begin PBXBuildFile section */
		98010C2019F5594000236D89 /* CoreLocation.framework in Frameworks */ = {isa = PBXBuildFile; fileRef = 98010C1F19F5594000236D89 /* CoreLocation.framework */; };
		98010C2219F5595700236D89 /* AudioToolbox.framework in Frameworks */ = {isa = PBXBuildFile; fileRef = 98010C2119F5595700236D89 /* AudioToolbox.framework */; };
		98010C2419F5596B00236D89 /* CFNetwork.framework in Frameworks */ = {isa = PBXBuildFile; fileRef = 98010C2319F5596B00236D89 /* CFNetwork.framework */; };
		98010C2619F5599100236D89 /* SystemConfiguration.framework in Frameworks */ = {isa = PBXBuildFile; fileRef = 98010C2519F5599100236D89 /* SystemConfiguration.framework */; };
		98010C2819F559A600236D89 /* CoreGraphics.framework in Frameworks */ = {isa = PBXBuildFile; fileRef = 98010C2719F559A600236D89 /* CoreGraphics.framework */; };
		98010C2A19F559B800236D89 /* QuartzCore.framework in Frameworks */ = {isa = PBXBuildFile; fileRef = 98010C2919F559B800236D89 /* QuartzCore.framework */; };
		98010C2C19F559C900236D89 /* libz.1.1.3.dylib in Frameworks */ = {isa = PBXBuildFile; fileRef = 98010C2B19F559C900236D89 /* libz.1.1.3.dylib */; };
		98010C2E19F559D600236D89 /* Security.framework in Frameworks */ = {isa = PBXBuildFile; fileRef = 98010C2D19F559D600236D89 /* Security.framework */; };
		98010C3019F559F800236D89 /* MobileCoreServices.framework in Frameworks */ = {isa = PBXBuildFile; fileRef = 98010C2F19F559F800236D89 /* MobileCoreServices.framework */; };
		98010C3219F5681D00236D89 /* BoxedArray.swift in Sources */ = {isa = PBXBuildFile; fileRef = 98010C3119F5681D00236D89 /* BoxedArray.swift */; };
		983E0BEA19E846D4005C913A /* DataHandler.swift in Sources */ = {isa = PBXBuildFile; fileRef = 983E0BE919E846D4005C913A /* DataHandler.swift */; };
		983E0BEC19E84AB9005C913A /* Setting.swift in Sources */ = {isa = PBXBuildFile; fileRef = 983E0BEB19E84AB9005C913A /* Setting.swift */; };
		983E0BEE19E84CE2005C913A /* ApplicantsTableViewController.swift in Sources */ = {isa = PBXBuildFile; fileRef = 983E0BED19E84CE2005C913A /* ApplicantsTableViewController.swift */; };
		983E0BF019E86B9E005C913A /* SettingSelectTableViewController.swift in Sources */ = {isa = PBXBuildFile; fileRef = 983E0BEF19E86B9E005C913A /* SettingSelectTableViewController.swift */; };
		987BC8D319E484850061F012 /* Resume.swift in Sources */ = {isa = PBXBuildFile; fileRef = 987BC8D219E484850061F012 /* Resume.swift */; };
		988415F619E495E900D0AD08 /* SettingsTableViewController.swift in Sources */ = {isa = PBXBuildFile; fileRef = 988415F519E495E900D0AD08 /* SettingsTableViewController.swift */; };
		98921B7919EC67E600AEF986 /* ColorPickerViewController.swift in Sources */ = {isa = PBXBuildFile; fileRef = 98921B7719EC67E600AEF986 /* ColorPickerViewController.swift */; };
		98921B8119EC9CAF00AEF986 /* ApplicantDetailTableViewController.swift in Sources */ = {isa = PBXBuildFile; fileRef = 98921B8019EC9CAF00AEF986 /* ApplicantDetailTableViewController.swift */; };
		989B7BF619DAEDBA001E3C60 /* AppDelegate.swift in Sources */ = {isa = PBXBuildFile; fileRef = 989B7BF519DAEDBA001E3C60 /* AppDelegate.swift */; };
		989B7BF819DAEDBA001E3C60 /* ViewController.swift in Sources */ = {isa = PBXBuildFile; fileRef = 989B7BF719DAEDBA001E3C60 /* ViewController.swift */; };
		989B7BFD19DAEDBA001E3C60 /* Images.xcassets in Resources */ = {isa = PBXBuildFile; fileRef = 989B7BFC19DAEDBA001E3C60 /* Images.xcassets */; };
		989B7C0C19DAEDBA001E3C60 /* CareerUpTests.swift in Sources */ = {isa = PBXBuildFile; fileRef = 989B7C0B19DAEDBA001E3C60 /* CareerUpTests.swift */; };
		989B7C1A19DAEE72001E3C60 /* Main.storyboard in Resources */ = {isa = PBXBuildFile; fileRef = 989B7C1919DAEE72001E3C60 /* Main.storyboard */; };
		989B7C1E19DB0ED6001E3C60 /* LaunchScreen.xib in Resources */ = {isa = PBXBuildFile; fileRef = 989B7C1D19DB0ED6001E3C60 /* LaunchScreen.xib */; };
		98DCFFE419DF031200E58A12 /* FormTableViewController.swift in Sources */ = {isa = PBXBuildFile; fileRef = 98DCFFE319DF031200E58A12 /* FormTableViewController.swift */; };
		98EDAB3019F553D800D688B0 /* Bolts.framework in Frameworks */ = {isa = PBXBuildFile; fileRef = 98EDAB2D19F553D800D688B0 /* Bolts.framework */; settings = {ATTRIBUTES = (Required, ); }; };
		98EDAB3119F553D800D688B0 /* Parse.framework in Frameworks */ = {isa = PBXBuildFile; fileRef = 98EDAB2E19F553D800D688B0 /* Parse.framework */; settings = {ATTRIBUTES = (Required, ); }; };
		98EDAB3219F553D800D688B0 /* ParseFacebookUtils.framework in Frameworks */ = {isa = PBXBuildFile; fileRef = 98EDAB2F19F553D800D688B0 /* ParseFacebookUtils.framework */; settings = {ATTRIBUTES = (Required, ); }; };
/* End PBXBuildFile section */

/* Begin PBXContainerItemProxy section */
		989B7C0619DAEDBA001E3C60 /* PBXContainerItemProxy */ = {
			isa = PBXContainerItemProxy;
			containerPortal = 989B7BE819DAEDBA001E3C60 /* Project object */;
			proxyType = 1;
			remoteGlobalIDString = 989B7BEF19DAEDBA001E3C60;
			remoteInfo = CareerUp;
		};
/* End PBXContainerItemProxy section */

/* Begin PBXFileReference section */
		98010C1F19F5594000236D89 /* CoreLocation.framework */ = {isa = PBXFileReference; lastKnownFileType = wrapper.framework; name = CoreLocation.framework; path = System/Library/Frameworks/CoreLocation.framework; sourceTree = SDKROOT; };
		98010C2119F5595700236D89 /* AudioToolbox.framework */ = {isa = PBXFileReference; lastKnownFileType = wrapper.framework; name = AudioToolbox.framework; path = System/Library/Frameworks/AudioToolbox.framework; sourceTree = SDKROOT; };
		98010C2319F5596B00236D89 /* CFNetwork.framework */ = {isa = PBXFileReference; lastKnownFileType = wrapper.framework; name = CFNetwork.framework; path = System/Library/Frameworks/CFNetwork.framework; sourceTree = SDKROOT; };
		98010C2519F5599100236D89 /* SystemConfiguration.framework */ = {isa = PBXFileReference; lastKnownFileType = wrapper.framework; name = SystemConfiguration.framework; path = System/Library/Frameworks/SystemConfiguration.framework; sourceTree = SDKROOT; };
		98010C2719F559A600236D89 /* CoreGraphics.framework */ = {isa = PBXFileReference; lastKnownFileType = wrapper.framework; name = CoreGraphics.framework; path = System/Library/Frameworks/CoreGraphics.framework; sourceTree = SDKROOT; };
		98010C2919F559B800236D89 /* QuartzCore.framework */ = {isa = PBXFileReference; lastKnownFileType = wrapper.framework; name = QuartzCore.framework; path = System/Library/Frameworks/QuartzCore.framework; sourceTree = SDKROOT; };
		98010C2B19F559C900236D89 /* libz.1.1.3.dylib */ = {isa = PBXFileReference; lastKnownFileType = "compiled.mach-o.dylib"; name = libz.1.1.3.dylib; path = usr/lib/libz.1.1.3.dylib; sourceTree = SDKROOT; };
		98010C2D19F559D600236D89 /* Security.framework */ = {isa = PBXFileReference; lastKnownFileType = wrapper.framework; name = Security.framework; path = System/Library/Frameworks/Security.framework; sourceTree = SDKROOT; };
		98010C2F19F559F800236D89 /* MobileCoreServices.framework */ = {isa = PBXFileReference; lastKnownFileType = wrapper.framework; name = MobileCoreServices.framework; path = System/Library/Frameworks/MobileCoreServices.framework; sourceTree = SDKROOT; };
		98010C3119F5681D00236D89 /* BoxedArray.swift */ = {isa = PBXFileReference; fileEncoding = 4; lastKnownFileType = sourcecode.swift; path = BoxedArray.swift; sourceTree = "<group>"; };
		983E0BE919E846D4005C913A /* DataHandler.swift */ = {isa = PBXFileReference; fileEncoding = 4; lastKnownFileType = sourcecode.swift; path = DataHandler.swift; sourceTree = "<group>"; };
		983E0BEB19E84AB9005C913A /* Setting.swift */ = {isa = PBXFileReference; fileEncoding = 4; lastKnownFileType = sourcecode.swift; path = Setting.swift; sourceTree = "<group>"; };
		983E0BED19E84CE2005C913A /* ApplicantsTableViewController.swift */ = {isa = PBXFileReference; fileEncoding = 4; lastKnownFileType = sourcecode.swift; name = ApplicantsTableViewController.swift; path = ../ApplicantsTableViewController.swift; sourceTree = "<group>"; };
		983E0BEF19E86B9E005C913A /* SettingSelectTableViewController.swift */ = {isa = PBXFileReference; fileEncoding = 4; lastKnownFileType = sourcecode.swift; path = SettingSelectTableViewController.swift; sourceTree = "<group>"; };
		987BC8D219E484850061F012 /* Resume.swift */ = {isa = PBXFileReference; fileEncoding = 4; lastKnownFileType = sourcecode.swift; path = Resume.swift; sourceTree = "<group>"; };
		988415F519E495E900D0AD08 /* SettingsTableViewController.swift */ = {isa = PBXFileReference; fileEncoding = 4; lastKnownFileType = sourcecode.swift; path = SettingsTableViewController.swift; sourceTree = "<group>"; };
		98921B7719EC67E600AEF986 /* ColorPickerViewController.swift */ = {isa = PBXFileReference; fileEncoding = 4; lastKnownFileType = sourcecode.swift; path = ColorPickerViewController.swift; sourceTree = "<group>"; };
		98921B8019EC9CAF00AEF986 /* ApplicantDetailTableViewController.swift */ = {isa = PBXFileReference; fileEncoding = 4; lastKnownFileType = sourcecode.swift; path = ApplicantDetailTableViewController.swift; sourceTree = "<group>"; };
		989B7BF019DAEDBA001E3C60 /* CareerUp.app */ = {isa = PBXFileReference; explicitFileType = wrapper.application; includeInIndex = 0; path = CareerUp.app; sourceTree = BUILT_PRODUCTS_DIR; };
		989B7BF419DAEDBA001E3C60 /* Info.plist */ = {isa = PBXFileReference; lastKnownFileType = text.plist.xml; path = Info.plist; sourceTree = "<group>"; };
		989B7BF519DAEDBA001E3C60 /* AppDelegate.swift */ = {isa = PBXFileReference; lastKnownFileType = sourcecode.swift; path = AppDelegate.swift; sourceTree = "<group>"; };
		989B7BF719DAEDBA001E3C60 /* ViewController.swift */ = {isa = PBXFileReference; lastKnownFileType = sourcecode.swift; path = ViewController.swift; sourceTree = "<group>"; };
		989B7BFC19DAEDBA001E3C60 /* Images.xcassets */ = {isa = PBXFileReference; lastKnownFileType = folder.assetcatalog; path = Images.xcassets; sourceTree = "<group>"; };
		989B7C0519DAEDBA001E3C60 /* CareerUpTests.xctest */ = {isa = PBXFileReference; explicitFileType = wrapper.cfbundle; includeInIndex = 0; path = CareerUpTests.xctest; sourceTree = BUILT_PRODUCTS_DIR; };
		989B7C0A19DAEDBA001E3C60 /* Info.plist */ = {isa = PBXFileReference; lastKnownFileType = text.plist.xml; path = Info.plist; sourceTree = "<group>"; };
		989B7C0B19DAEDBA001E3C60 /* CareerUpTests.swift */ = {isa = PBXFileReference; lastKnownFileType = sourcecode.swift; path = CareerUpTests.swift; sourceTree = "<group>"; };
		989B7C1919DAEE72001E3C60 /* Main.storyboard */ = {isa = PBXFileReference; fileEncoding = 4; lastKnownFileType = file.storyboard; path = Main.storyboard; sourceTree = "<group>"; };
		989B7C1D19DB0ED6001E3C60 /* LaunchScreen.xib */ = {isa = PBXFileReference; fileEncoding = 4; lastKnownFileType = file.xib; path = LaunchScreen.xib; sourceTree = "<group>"; };
		98DCFFE319DF031200E58A12 /* FormTableViewController.swift */ = {isa = PBXFileReference; fileEncoding = 4; lastKnownFileType = sourcecode.swift; path = FormTableViewController.swift; sourceTree = "<group>"; };
		98EDAB2D19F553D800D688B0 /* Bolts.framework */ = {isa = PBXFileReference; lastKnownFileType = wrapper.framework; path = Bolts.framework; sourceTree = "<group>"; };
		98EDAB2E19F553D800D688B0 /* Parse.framework */ = {isa = PBXFileReference; lastKnownFileType = wrapper.framework; path = Parse.framework; sourceTree = "<group>"; };
		98EDAB2F19F553D800D688B0 /* ParseFacebookUtils.framework */ = {isa = PBXFileReference; lastKnownFileType = wrapper.framework; path = ParseFacebookUtils.framework; sourceTree = "<group>"; };
/* End PBXFileReference section */

/* Begin PBXFrameworksBuildPhase section */
		989B7BED19DAEDBA001E3C60 /* Frameworks */ = {
			isa = PBXFrameworksBuildPhase;
			buildActionMask = 2147483647;
			files = (
				98010C3019F559F800236D89 /* MobileCoreServices.framework in Frameworks */,
				98010C2E19F559D600236D89 /* Security.framework in Frameworks */,
				98010C2C19F559C900236D89 /* libz.1.1.3.dylib in Frameworks */,
				98010C2A19F559B800236D89 /* QuartzCore.framework in Frameworks */,
				98010C2819F559A600236D89 /* CoreGraphics.framework in Frameworks */,
				98010C2619F5599100236D89 /* SystemConfiguration.framework in Frameworks */,
				98010C2419F5596B00236D89 /* CFNetwork.framework in Frameworks */,
				98010C2219F5595700236D89 /* AudioToolbox.framework in Frameworks */,
				98010C2019F5594000236D89 /* CoreLocation.framework in Frameworks */,
				98EDAB3119F553D800D688B0 /* Parse.framework in Frameworks */,
				98EDAB3019F553D800D688B0 /* Bolts.framework in Frameworks */,
				98EDAB3219F553D800D688B0 /* ParseFacebookUtils.framework in Frameworks */,
			);
			runOnlyForDeploymentPostprocessing = 0;
		};
		989B7C0219DAEDBA001E3C60 /* Frameworks */ = {
			isa = PBXFrameworksBuildPhase;
			buildActionMask = 2147483647;
			files = (
			);
			runOnlyForDeploymentPostprocessing = 0;
		};
/* End PBXFrameworksBuildPhase section */

/* Begin PBXGroup section */
		98921B7B19EC9B2100AEF986 /* Settings */ = {
			isa = PBXGroup;
			children = (
				988415F519E495E900D0AD08 /* SettingsTableViewController.swift */,
				983E0BEF19E86B9E005C913A /* SettingSelectTableViewController.swift */,
				983E0BEB19E84AB9005C913A /* Setting.swift */,
			);
			name = Settings;
			sourceTree = "<group>";
		};
		98921B7D19EC9B4900AEF986 /* Applicants */ = {
			isa = PBXGroup;
			children = (
				98DCFFE319DF031200E58A12 /* FormTableViewController.swift */,
				987BC8D219E484850061F012 /* Resume.swift */,
				983E0BED19E84CE2005C913A /* ApplicantsTableViewController.swift */,
				98921B8019EC9CAF00AEF986 /* ApplicantDetailTableViewController.swift */,
			);
			name = Applicants;
			sourceTree = "<group>";
		};
		989B7BE719DAEDBA001E3C60 = {
			isa = PBXGroup;
			children = (
				989B7BF219DAEDBA001E3C60 /* CareerUp */,
				989B7C0819DAEDBA001E3C60 /* CareerUpTests */,
				989B7BF119DAEDBA001E3C60 /* Products */,
				98EDAB3319F5540500D688B0 /* Frameworks */,
			);
			sourceTree = "<group>";
		};
		989B7BF119DAEDBA001E3C60 /* Products */ = {
			isa = PBXGroup;
			children = (
				989B7BF019DAEDBA001E3C60 /* CareerUp.app */,
				989B7C0519DAEDBA001E3C60 /* CareerUpTests.xctest */,
			);
			name = Products;
			sourceTree = "<group>";
		};
		989B7BF219DAEDBA001E3C60 /* CareerUp */ = {
			isa = PBXGroup;
			children = (
				98921B7D19EC9B4900AEF986 /* Applicants */,
				98921B7B19EC9B2100AEF986 /* Settings */,
				989B7BF519DAEDBA001E3C60 /* AppDelegate.swift */,
				989B7BF719DAEDBA001E3C60 /* ViewController.swift */,
				989B7C1919DAEE72001E3C60 /* Main.storyboard */,
				989B7BFC19DAEDBA001E3C60 /* Images.xcassets */,
				989B7C1D19DB0ED6001E3C60 /* LaunchScreen.xib */,
				989B7BF319DAEDBA001E3C60 /* Supporting Files */,
				983E0BE919E846D4005C913A /* DataHandler.swift */,
				98010C3119F5681D00236D89 /* BoxedArray.swift */,
				98921B7719EC67E600AEF986 /* ColorPickerViewController.swift */,
			);
			path = CareerUp;
			sourceTree = "<group>";
		};
		989B7BF319DAEDBA001E3C60 /* Supporting Files */ = {
			isa = PBXGroup;
			children = (
				989B7BF419DAEDBA001E3C60 /* Info.plist */,
			);
			name = "Supporting Files";
			sourceTree = "<group>";
		};
		989B7C0819DAEDBA001E3C60 /* CareerUpTests */ = {
			isa = PBXGroup;
			children = (
				989B7C0B19DAEDBA001E3C60 /* CareerUpTests.swift */,
				989B7C0919DAEDBA001E3C60 /* Supporting Files */,
			);
			path = CareerUpTests;
			sourceTree = "<group>";
		};
		989B7C0919DAEDBA001E3C60 /* Supporting Files */ = {
			isa = PBXGroup;
			children = (
				989B7C0A19DAEDBA001E3C60 /* Info.plist */,
			);
			name = "Supporting Files";
			sourceTree = "<group>";
		};
		98EDAB3319F5540500D688B0 /* Frameworks */ = {
			isa = PBXGroup;
			children = (
				98010C2F19F559F800236D89 /* MobileCoreServices.framework */,
				98010C2D19F559D600236D89 /* Security.framework */,
				98010C2B19F559C900236D89 /* libz.1.1.3.dylib */,
				98010C2919F559B800236D89 /* QuartzCore.framework */,
				98010C2719F559A600236D89 /* CoreGraphics.framework */,
				98010C2519F5599100236D89 /* SystemConfiguration.framework */,
				98010C2319F5596B00236D89 /* CFNetwork.framework */,
				98010C2119F5595700236D89 /* AudioToolbox.framework */,
				98010C1F19F5594000236D89 /* CoreLocation.framework */,
				98EDAB2E19F553D800D688B0 /* Parse.framework */,
				98EDAB2F19F553D800D688B0 /* ParseFacebookUtils.framework */,
				98EDAB2D19F553D800D688B0 /* Bolts.framework */,
			);
			name = Frameworks;
			sourceTree = "<group>";
		};
/* End PBXGroup section */

/* Begin PBXNativeTarget section */
		989B7BEF19DAEDBA001E3C60 /* CareerUp */ = {
			isa = PBXNativeTarget;
			buildConfigurationList = 989B7C0F19DAEDBA001E3C60 /* Build configuration list for PBXNativeTarget "CareerUp" */;
			buildPhases = (
				989B7BEC19DAEDBA001E3C60 /* Sources */,
				989B7BED19DAEDBA001E3C60 /* Frameworks */,
				989B7BEE19DAEDBA001E3C60 /* Resources */,
			);
			buildRules = (
			);
			dependencies = (
			);
			name = CareerUp;
			productName = CareerUp;
			productReference = 989B7BF019DAEDBA001E3C60 /* CareerUp.app */;
			productType = "com.apple.product-type.application";
		};
		989B7C0419DAEDBA001E3C60 /* CareerUpTests */ = {
			isa = PBXNativeTarget;
			buildConfigurationList = 989B7C1219DAEDBA001E3C60 /* Build configuration list for PBXNativeTarget "CareerUpTests" */;
			buildPhases = (
				989B7C0119DAEDBA001E3C60 /* Sources */,
				989B7C0219DAEDBA001E3C60 /* Frameworks */,
				989B7C0319DAEDBA001E3C60 /* Resources */,
			);
			buildRules = (
			);
			dependencies = (
				989B7C0719DAEDBA001E3C60 /* PBXTargetDependency */,
			);
			name = CareerUpTests;
			productName = CareerUpTests;
			productReference = 989B7C0519DAEDBA001E3C60 /* CareerUpTests.xctest */;
			productType = "com.apple.product-type.bundle.unit-test";
		};
/* End PBXNativeTarget section */

/* Begin PBXProject section */
		989B7BE819DAEDBA001E3C60 /* Project object */ = {
			isa = PBXProject;
			attributes = {
				LastUpgradeCheck = 0600;
				ORGANIZATIONNAME = "Adam Emery";
				TargetAttributes = {
					989B7BEF19DAEDBA001E3C60 = {
						CreatedOnToolsVersion = 6.0.1;
						DevelopmentTeam = FS4GERBHL9;
					};
					989B7C0419DAEDBA001E3C60 = {
						CreatedOnToolsVersion = 6.0.1;
						TestTargetID = 989B7BEF19DAEDBA001E3C60;
					};
				};
			};
			buildConfigurationList = 989B7BEB19DAEDBA001E3C60 /* Build configuration list for PBXProject "CareerUp" */;
			compatibilityVersion = "Xcode 3.2";
			developmentRegion = English;
			hasScannedForEncodings = 0;
			knownRegions = (
				en,
				Base,
			);
			mainGroup = 989B7BE719DAEDBA001E3C60;
			productRefGroup = 989B7BF119DAEDBA001E3C60 /* Products */;
			projectDirPath = "";
			projectRoot = "";
			targets = (
				989B7BEF19DAEDBA001E3C60 /* CareerUp */,
				989B7C0419DAEDBA001E3C60 /* CareerUpTests */,
			);
		};
/* End PBXProject section */

/* Begin PBXResourcesBuildPhase section */
		989B7BEE19DAEDBA001E3C60 /* Resources */ = {
			isa = PBXResourcesBuildPhase;
			buildActionMask = 2147483647;
			files = (
				989B7C1E19DB0ED6001E3C60 /* LaunchScreen.xib in Resources */,
				989B7C1A19DAEE72001E3C60 /* Main.storyboard in Resources */,
				989B7BFD19DAEDBA001E3C60 /* Images.xcassets in Resources */,
			);
			runOnlyForDeploymentPostprocessing = 0;
		};
		989B7C0319DAEDBA001E3C60 /* Resources */ = {
			isa = PBXResourcesBuildPhase;
			buildActionMask = 2147483647;
			files = (
			);
			runOnlyForDeploymentPostprocessing = 0;
		};
/* End PBXResourcesBuildPhase section */

/* Begin PBXSourcesBuildPhase section */
		989B7BEC19DAEDBA001E3C60 /* Sources */ = {
			isa = PBXSourcesBuildPhase;
			buildActionMask = 2147483647;
			files = (
				98010C3219F5681D00236D89 /* BoxedArray.swift in Sources */,
				98921B8119EC9CAF00AEF986 /* ApplicantDetailTableViewController.swift in Sources */,
				98921B7919EC67E600AEF986 /* ColorPickerViewController.swift in Sources */,
				987BC8D319E484850061F012 /* Resume.swift in Sources */,
				983E0BF019E86B9E005C913A /* SettingSelectTableViewController.swift in Sources */,
				983E0BEA19E846D4005C913A /* DataHandler.swift in Sources */,
				988415F619E495E900D0AD08 /* SettingsTableViewController.swift in Sources */,
				989B7BF819DAEDBA001E3C60 /* ViewController.swift in Sources */,
				983E0BEE19E84CE2005C913A /* ApplicantsTableViewController.swift in Sources */,
				98DCFFE419DF031200E58A12 /* FormTableViewController.swift in Sources */,
				983E0BEC19E84AB9005C913A /* Setting.swift in Sources */,
				989B7BF619DAEDBA001E3C60 /* AppDelegate.swift in Sources */,
			);
			runOnlyForDeploymentPostprocessing = 0;
		};
		989B7C0119DAEDBA001E3C60 /* Sources */ = {
			isa = PBXSourcesBuildPhase;
			buildActionMask = 2147483647;
			files = (
				989B7C0C19DAEDBA001E3C60 /* CareerUpTests.swift in Sources */,
			);
			runOnlyForDeploymentPostprocessing = 0;
		};
/* End PBXSourcesBuildPhase section */

/* Begin PBXTargetDependency section */
		989B7C0719DAEDBA001E3C60 /* PBXTargetDependency */ = {
			isa = PBXTargetDependency;
			target = 989B7BEF19DAEDBA001E3C60 /* CareerUp */;
			targetProxy = 989B7C0619DAEDBA001E3C60 /* PBXContainerItemProxy */;
		};
/* End PBXTargetDependency section */

/* Begin XCBuildConfiguration section */
		989B7C0D19DAEDBA001E3C60 /* Debug */ = {
			isa = XCBuildConfiguration;
			buildSettings = {
				ALWAYS_SEARCH_USER_PATHS = NO;
				CLANG_CXX_LANGUAGE_STANDARD = "gnu++0x";
				CLANG_CXX_LIBRARY = "libc++";
				CLANG_ENABLE_MODULES = YES;
				CLANG_ENABLE_OBJC_ARC = YES;
				CLANG_WARN_BOOL_CONVERSION = YES;
				CLANG_WARN_CONSTANT_CONVERSION = YES;
				CLANG_WARN_DIRECT_OBJC_ISA_USAGE = YES_ERROR;
				CLANG_WARN_EMPTY_BODY = YES;
				CLANG_WARN_ENUM_CONVERSION = YES;
				CLANG_WARN_INT_CONVERSION = YES;
				CLANG_WARN_OBJC_ROOT_CLASS = YES_ERROR;
				CLANG_WARN_UNREACHABLE_CODE = YES;
				CLANG_WARN__DUPLICATE_METHOD_MATCH = YES;
				"CODE_SIGN_IDENTITY[sdk=iphoneos*]" = "iPhone Developer";
				COPY_PHASE_STRIP = NO;
				ENABLE_STRICT_OBJC_MSGSEND = YES;
				GCC_C_LANGUAGE_STANDARD = gnu99;
				GCC_DYNAMIC_NO_PIC = NO;
				GCC_OPTIMIZATION_LEVEL = 0;
				GCC_PREPROCESSOR_DEFINITIONS = (
					"DEBUG=1",
					"$(inherited)",
				);
				GCC_SYMBOLS_PRIVATE_EXTERN = NO;
				GCC_WARN_64_TO_32_BIT_CONVERSION = YES;
				GCC_WARN_ABOUT_RETURN_TYPE = YES_ERROR;
				GCC_WARN_UNDECLARED_SELECTOR = YES;
				GCC_WARN_UNINITIALIZED_AUTOS = YES_AGGRESSIVE;
				GCC_WARN_UNUSED_FUNCTION = YES;
				GCC_WARN_UNUSED_VARIABLE = YES;
				IPHONEOS_DEPLOYMENT_TARGET = 8.0;
				MTL_ENABLE_DEBUG_INFO = YES;
				ONLY_ACTIVE_ARCH = YES;
				SDKROOT = iphoneos;
				SWIFT_OPTIMIZATION_LEVEL = "-Onone";
				TARGETED_DEVICE_FAMILY = "1,2";
			};
			name = Debug;
		};
		989B7C0E19DAEDBA001E3C60 /* Release */ = {
			isa = XCBuildConfiguration;
			buildSettings = {
				ALWAYS_SEARCH_USER_PATHS = NO;
				CLANG_CXX_LANGUAGE_STANDARD = "gnu++0x";
				CLANG_CXX_LIBRARY = "libc++";
				CLANG_ENABLE_MODULES = YES;
				CLANG_ENABLE_OBJC_ARC = YES;
				CLANG_WARN_BOOL_CONVERSION = YES;
				CLANG_WARN_CONSTANT_CONVERSION = YES;
				CLANG_WARN_DIRECT_OBJC_ISA_USAGE = YES_ERROR;
				CLANG_WARN_EMPTY_BODY = YES;
				CLANG_WARN_ENUM_CONVERSION = YES;
				CLANG_WARN_INT_CONVERSION = YES;
				CLANG_WARN_OBJC_ROOT_CLASS = YES_ERROR;
				CLANG_WARN_UNREACHABLE_CODE = YES;
				CLANG_WARN__DUPLICATE_METHOD_MATCH = YES;
				"CODE_SIGN_IDENTITY[sdk=iphoneos*]" = "iPhone Developer";
				COPY_PHASE_STRIP = YES;
				ENABLE_NS_ASSERTIONS = NO;
				ENABLE_STRICT_OBJC_MSGSEND = YES;
				GCC_C_LANGUAGE_STANDARD = gnu99;
				GCC_WARN_64_TO_32_BIT_CONVERSION = YES;
				GCC_WARN_ABOUT_RETURN_TYPE = YES_ERROR;
				GCC_WARN_UNDECLARED_SELECTOR = YES;
				GCC_WARN_UNINITIALIZED_AUTOS = YES_AGGRESSIVE;
				GCC_WARN_UNUSED_FUNCTION = YES;
				GCC_WARN_UNUSED_VARIABLE = YES;
				IPHONEOS_DEPLOYMENT_TARGET = 8.0;
				MTL_ENABLE_DEBUG_INFO = NO;
				SDKROOT = iphoneos;
				TARGETED_DEVICE_FAMILY = "1,2";
				VALIDATE_PRODUCT = YES;
			};
			name = Release;
		};
		989B7C1019DAEDBA001E3C60 /* Debug */ = {
			isa = XCBuildConfiguration;
			buildSettings = {
				ASSETCATALOG_COMPILER_APPICON_NAME = AppIcon;
				FRAMEWORK_SEARCH_PATHS = (
					"$(inherited)",
					"$(PROJECT_DIR)",
				);
				INFOPLIST_FILE = CareerUp/Info.plist;
				IPHONEOS_DEPLOYMENT_TARGET = 7.0;
				LD_RUNPATH_SEARCH_PATHS = "$(inherited) @executable_path/Frameworks";
				PRODUCT_NAME = "$(TARGET_NAME)";
			};
			name = Debug;
		};
		989B7C1119DAEDBA001E3C60 /* Release */ = {
			isa = XCBuildConfiguration;
			buildSettings = {
				ASSETCATALOG_COMPILER_APPICON_NAME = AppIcon;
				FRAMEWORK_SEARCH_PATHS = (
					"$(inherited)",
					"$(PROJECT_DIR)",
				);
				INFOPLIST_FILE = CareerUp/Info.plist;
				IPHONEOS_DEPLOYMENT_TARGET = 7.0;
				LD_RUNPATH_SEARCH_PATHS = "$(inherited) @executable_path/Frameworks";
				PRODUCT_NAME = "$(TARGET_NAME)";
			};
			name = Release;
		};
		989B7C1319DAEDBA001E3C60 /* Debug */ = {
			isa = XCBuildConfiguration;
			buildSettings = {
				BUNDLE_LOADER = "$(TEST_HOST)";
				FRAMEWORK_SEARCH_PATHS = (
					"$(SDKROOT)/Developer/Library/Frameworks",
					"$(inherited)",
				);
				GCC_PREPROCESSOR_DEFINITIONS = (
					"DEBUG=1",
					"$(inherited)",
				);
				INFOPLIST_FILE = CareerUpTests/Info.plist;
				LD_RUNPATH_SEARCH_PATHS = "$(inherited) @executable_path/Frameworks @loader_path/Frameworks";
				PRODUCT_NAME = "$(TARGET_NAME)";
				TEST_HOST = "$(BUILT_PRODUCTS_DIR)/CareerUp.app/CareerUp";
			};
			name = Debug;
		};
		989B7C1419DAEDBA001E3C60 /* Release */ = {
			isa = XCBuildConfiguration;
			buildSettings = {
				BUNDLE_LOADER = "$(TEST_HOST)";
				FRAMEWORK_SEARCH_PATHS = (
					"$(SDKROOT)/Developer/Library/Frameworks",
					"$(inherited)",
				);
				INFOPLIST_FILE = CareerUpTests/Info.plist;
				LD_RUNPATH_SEARCH_PATHS = "$(inherited) @executable_path/Frameworks @loader_path/Frameworks";
				PRODUCT_NAME = "$(TARGET_NAME)";
				TEST_HOST = "$(BUILT_PRODUCTS_DIR)/CareerUp.app/CareerUp";
			};
			name = Release;
		};
/* End XCBuildConfiguration section */

/* Begin XCConfigurationList section */
		989B7BEB19DAEDBA001E3C60 /* Build configuration list for PBXProject "CareerUp" */ = {
			isa = XCConfigurationList;
			buildConfigurations = (
				989B7C0D19DAEDBA001E3C60 /* Debug */,
				989B7C0E19DAEDBA001E3C60 /* Release */,
			);
			defaultConfigurationIsVisible = 0;
			defaultConfigurationName = Release;
		};
		989B7C0F19DAEDBA001E3C60 /* Build configuration list for PBXNativeTarget "CareerUp" */ = {
			isa = XCConfigurationList;
			buildConfigurations = (
				989B7C1019DAEDBA001E3C60 /* Debug */,
				989B7C1119DAEDBA001E3C60 /* Release */,
			);
			defaultConfigurationIsVisible = 0;
			defaultConfigurationName = Release;
		};
		989B7C1219DAEDBA001E3C60 /* Build configuration list for PBXNativeTarget "CareerUpTests" */ = {
			isa = XCConfigurationList;
			buildConfigurations = (
				989B7C1319DAEDBA001E3C60 /* Debug */,
				989B7C1419DAEDBA001E3C60 /* Release */,
			);
			defaultConfigurationIsVisible = 0;
			defaultConfigurationName = Release;
		};
/* End XCConfigurationList section */
	};
	rootObject = 989B7BE819DAEDBA001E3C60 /* Project object */;
}
